
Microsoft Visual Studio Solution File, Format Version 12.00
# Visual Studio 2015
Project("{FAE04EC0-301F-11D3-BF4B-00C04F79EFBC}") = "ThirdPersonCharacter.CSharp", "ThirdPersonCharacter.CSharp.csproj", "{39FE7479-8638-144D-C011-FD26656D8F37}"
EndProject
Project("{FAE04EC0-301F-11D3-BF4B-00C04F79EFBC}") = "ThirdPersonCharacter.CSharp.Editor", "ThirdPersonCharacter.CSharp.Editor.csproj", "{C44AAD4F-B6BA-42DB-C18E-57F80B8C796F}"
EndProject
Global
	GlobalSection(SolutionConfigurationPlatforms) = preSolution
		Debug|Any CPU = Debug|Any CPU
		Release|Any CPU = Release|Any CPU
	EndGlobalSection
	GlobalSection(ProjectConfigurationPlatforms) = postSolution
		{39FE7479-8638-144D-C011-FD26656D8F37}.Debug|Any CPU.ActiveCfg = Debug|Any CPU
		{39FE7479-8638-144D-C011-FD26656D8F37}.Debug|Any CPU.Build.0 = Debug|Any CPU
		{39FE7479-8638-144D-C011-FD26656D8F37}.Release|Any CPU.ActiveCfg = Release|Any CPU
		{39FE7479-8638-144D-C011-FD26656D8F37}.Release|Any CPU.Build.0 = Release|Any CPU
		{C44AAD4F-B6BA-42DB-C18E-57F80B8C796F}.Debug|Any CPU.ActiveCfg = Debug|Any CPU
		{C44AAD4F-B6BA-42DB-C18E-57F80B8C796F}.Debug|Any CPU.Build.0 = Debug|Any CPU
		{C44AAD4F-B6BA-42DB-C18E-57F80B8C796F}.Release|Any CPU.ActiveCfg = Release|Any CPU
		{C44AAD4F-B6BA-42DB-C18E-57F80B8C796F}.Release|Any CPU.Build.0 = Release|Any CPU
	EndGlobalSection
	GlobalSection(SolutionProperties) = preSolution
		HideSolutionNode = FALSE
	EndGlobalSection
EndGlobal
